# THIS IS AN AUTOGENERATED FILE. DO NOT EDIT THIS FILE DIRECTLY.
# yarn lockfile v1


async-limiter@~1.0.0:
  version "1.0.1"
  resolved "https://registry.yarnpkg.com/async-limiter/-/async-limiter-1.0.1.tgz#dd379e94f0db8310b08291f9d64c3209766617fd"
  integrity sha512-csOlWGAcRFJaI6m+F2WKdnMKr4HhdhFVBk0H/QbJFMCr+uO2kwohwXQPxw/9OCxp05r5ghVBFSyioixx3gfkNQ==

node-homeassistant@^1.6.0:
  version "1.6.0"
  resolved "https://registry.yarnpkg.com/node-homeassistant/-/node-homeassistant-1.6.0.tgz#f9612fe34baa4a7d35379f23e217e568de2153d6"
  integrity sha512-T16POQe2O9GtjNXoMx8mU8vSuZ+3Ip/uiSQqbksStPFqhHnOG9JPXKmp81vWEeJc84bYS5kxD6iLu85cQ6w3EQ==
  dependencies:
    ws "^6.0.0"

ws@^6.0.0:
  version "6.2.2"
  resolved "https://registry.yarnpkg.com/ws/-/ws-6.2.2.tgz#dd5cdbd57a9979916097652d78f1cc5faea0c32e"
  integrity sha512-zmhltoSR8u1cnDsD43TX59mzoMZsLKqUweyYBAIvTngR3shc0W6aOZylZmq/7hqyVxPdi+5Ud2QInblgyE72fw==
  dependencies:
    async-limiter "~1.0.0"
